// !$*UTF8*$!
{
	archiveVersion = 1;
	classes = {
	};
	objectVersion = 51;
	objects = {

/* Begin PBXBuildFile section */
		CC8EEFFD261ED71200B2106D /* MoviePreviewView.swift in Sources */ = {isa = PBXBuildFile; fileRef = CC8EEFFC261ED71200B2106D /* MoviePreviewView.swift */; };
		CC8EF016261EFF8600B2106D /* MovieDetailsViewController.swift in Sources */ = {isa = PBXBuildFile; fileRef = CC8EF015261EFF8600B2106D /* MovieDetailsViewController.swift */; };
		CC8EF022261F0D2200B2106D /* GlobalConstants.swift in Sources */ = {isa = PBXBuildFile; fileRef = CC8EF021261F0D2200B2106D /* GlobalConstants.swift */; };
		CC8EF02F261F228600B2106D /* UtilitiesViewController.swift in Sources */ = {isa = PBXBuildFile; fileRef = CC8EF02E261F228600B2106D /* UtilitiesViewController.swift */; };
		CC8EF034261F444600B2106D /* PreviousSearchResultsView.xib in Resources */ = {isa = PBXBuildFile; fileRef = CC8EF033261F444600B2106D /* PreviousSearchResultsView.xib */; };
		CC8EF03E261F44E500B2106D /* PreviousSearchResultsView.swift in Sources */ = {isa = PBXBuildFile; fileRef = CC8EF03D261F44E500B2106D /* PreviousSearchResultsView.swift */; };
		CC8EF046261F47D200B2106D /* SearchDetailTableViewCell.xib in Resources */ = {isa = PBXBuildFile; fileRef = CC8EF045261F47D200B2106D /* SearchDetailTableViewCell.xib */; };
		CC8EF04B261F48A100B2106D /* SearchDetailTableViewCell.swift in Sources */ = {isa = PBXBuildFile; fileRef = CC8EF04A261F48A100B2106D /* SearchDetailTableViewCell.swift */; };
		CC9C88F72620215F00B89CA1 /* GoogleService-Info.plist in Resources */ = {isa = PBXBuildFile; fileRef = CC9C88F62620215F00B89CA1 /* GoogleService-Info.plist */; };
		CCAC59D72620449C00056921 /* Localizable.strings in Resources */ = {isa = PBXBuildFile; fileRef = CCAC59D62620449C00056921 /* Localizable.strings */; };
		CCAC59E22620481200056921 /* MoviePreviewView.xib in Resources */ = {isa = PBXBuildFile; fileRef = CCAC59E42620481200056921 /* MoviePreviewView.xib */; };
		CCAC59F22620493A00056921 /* ProgressView.xib in Resources */ = {isa = PBXBuildFile; fileRef = CCAC59F42620493A00056921 /* ProgressView.xib */; };
		CCC41D7C261DA6AE00BDD601 /* AppDelegate.swift in Sources */ = {isa = PBXBuildFile; fileRef = CCC41D7B261DA6AE00BDD601 /* AppDelegate.swift */; };
		CCC41D7E261DA6AE00BDD601 /* SceneDelegate.swift in Sources */ = {isa = PBXBuildFile; fileRef = CCC41D7D261DA6AE00BDD601 /* SceneDelegate.swift */; };
		CCC41D80261DA6AE00BDD601 /* SplashScreenViewController.swift in Sources */ = {isa = PBXBuildFile; fileRef = CCC41D7F261DA6AE00BDD601 /* SplashScreenViewController.swift */; };
		CCC41D83261DA6AE00BDD601 /* Main.storyboard in Resources */ = {isa = PBXBuildFile; fileRef = CCC41D81261DA6AE00BDD601 /* Main.storyboard */; };
		CCC41D85261DA6AF00BDD601 /* Assets.xcassets in Resources */ = {isa = PBXBuildFile; fileRef = CCC41D84261DA6AF00BDD601 /* Assets.xcassets */; };
		CCC41D88261DA6AF00BDD601 /* LaunchScreen.storyboard in Resources */ = {isa = PBXBuildFile; fileRef = CCC41D86261DA6AF00BDD601 /* LaunchScreen.storyboard */; };
		CCC41D93261DA6AF00BDD601 /* MoviewTests.swift in Sources */ = {isa = PBXBuildFile; fileRef = CCC41D92261DA6AF00BDD601 /* MoviewTests.swift */; };
		CCC41D9E261DA6AF00BDD601 /* MoviewUITests.swift in Sources */ = {isa = PBXBuildFile; fileRef = CCC41D9D261DA6AF00BDD601 /* MoviewUITests.swift */; };
		CCC41DB6261DA7CE00BDD601 /* MainScreenViewController.swift in Sources */ = {isa = PBXBuildFile; fileRef = CCC41DB5261DA7CE00BDD601 /* MainScreenViewController.swift */; };
		CCC41DC3261DB90500BDD601 /* RequestManager.swift in Sources */ = {isa = PBXBuildFile; fileRef = CCC41DC2261DB90500BDD601 /* RequestManager.swift */; };
		CCC41DC8261DBEAB00BDD601 /* MovieContentManager.swift in Sources */ = {isa = PBXBuildFile; fileRef = CCC41DC7261DBEAB00BDD601 /* MovieContentManager.swift */; };
		F6097278664D3080E12180B8 /* Pods_Moview.framework in Frameworks */ = {isa = PBXBuildFile; fileRef = DA138213DC942B660237A913 /* Pods_Moview.framework */; };
/* End PBXBuildFile section */

/* Begin PBXContainerItemProxy section */
		CCC41D8F261DA6AF00BDD601 /* PBXContainerItemProxy */ = {
			isa = PBXContainerItemProxy;
			containerPortal = CCC41D70261DA6AE00BDD601 /* Project object */;
			proxyType = 1;
			remoteGlobalIDString = CCC41D77261DA6AE00BDD601;
			remoteInfo = Moview;
		};
		CCC41D9A261DA6AF00BDD601 /* PBXContainerItemProxy */ = {
			isa = PBXContainerItemProxy;
			containerPortal = CCC41D70261DA6AE00BDD601 /* Project object */;
			proxyType = 1;
			remoteGlobalIDString = CCC41D77261DA6AE00BDD601;
			remoteInfo = Moview;
		};
/* End PBXContainerItemProxy section */

/* Begin PBXFileReference section */
		859E44C61E55FC543D0D6389 /* Pods-Moview.release.xcconfig */ = {isa = PBXFileReference; includeInIndex = 1; lastKnownFileType = text.xcconfig; name = "Pods-Moview.release.xcconfig"; path = "Target Support Files/Pods-Moview/Pods-Moview.release.xcconfig"; sourceTree = "<group>"; };
		CC8EEFFC261ED71200B2106D /* MoviePreviewView.swift */ = {isa = PBXFileReference; lastKnownFileType = sourcecode.swift; path = MoviePreviewView.swift; sourceTree = "<group>"; };
		CC8EF015261EFF8600B2106D /* MovieDetailsViewController.swift */ = {isa = PBXFileReference; lastKnownFileType = sourcecode.swift; path = MovieDetailsViewController.swift; sourceTree = "<group>"; };
		CC8EF021261F0D2200B2106D /* GlobalConstants.swift */ = {isa = PBXFileReference; lastKnownFileType = sourcecode.swift; path = GlobalConstants.swift; sourceTree = "<group>"; };
		CC8EF02E261F228600B2106D /* UtilitiesViewController.swift */ = {isa = PBXFileReference; lastKnownFileType = sourcecode.swift; path = UtilitiesViewController.swift; sourceTree = "<group>"; };
		CC8EF033261F444600B2106D /* PreviousSearchResultsView.xib */ = {isa = PBXFileReference; lastKnownFileType = file.xib; path = PreviousSearchResultsView.xib; sourceTree = "<group>"; };
		CC8EF03D261F44E500B2106D /* PreviousSearchResultsView.swift */ = {isa = PBXFileReference; lastKnownFileType = sourcecode.swift; path = PreviousSearchResultsView.swift; sourceTree = "<group>"; };
		CC8EF045261F47D200B2106D /* SearchDetailTableViewCell.xib */ = {isa = PBXFileReference; lastKnownFileType = file.xib; path = SearchDetailTableViewCell.xib; sourceTree = "<group>"; };
		CC8EF04A261F48A100B2106D /* SearchDetailTableViewCell.swift */ = {isa = PBXFileReference; lastKnownFileType = sourcecode.swift; path = SearchDetailTableViewCell.swift; sourceTree = "<group>"; };
		CC9C88F62620215F00B89CA1 /* GoogleService-Info.plist */ = {isa = PBXFileReference; fileEncoding = 4; lastKnownFileType = text.plist.xml; path = "GoogleService-Info.plist"; sourceTree = "<group>"; };
		CCAC59D62620449C00056921 /* Localizable.strings */ = {isa = PBXFileReference; lastKnownFileType = text.plist.strings; path = Localizable.strings; sourceTree = "<group>"; };
		CCAC59E32620481200056921 /* Base */ = {isa = PBXFileReference; lastKnownFileType = file.xib; name = Base; path = Base.lproj/MoviePreviewView.xib; sourceTree = "<group>"; };
		CCAC59EA262048FC00056921 /* tr */ = {isa = PBXFileReference; lastKnownFileType = text.plist.strings; name = tr; path = tr.lproj/Main.strings; sourceTree = "<group>"; };
		CCAC59EE262048FD00056921 /* tr */ = {isa = PBXFileReference; lastKnownFileType = text.plist.strings; name = tr; path = tr.lproj/MoviePreviewView.strings; sourceTree = "<group>"; };
		CCAC59F82620494100056921 /* Base */ = {isa = PBXFileReference; lastKnownFileType = file.xib; name = Base; path = Base.lproj/ProgressView.xib; sourceTree = "<group>"; };
		CCAC59F92620494E00056921 /* tr */ = {isa = PBXFileReference; lastKnownFileType = text.plist.strings; name = tr; path = tr.lproj/ProgressView.strings; sourceTree = "<group>"; };
		CCC41D78261DA6AE00BDD601 /* Moview.app */ = {isa = PBXFileReference; explicitFileType = wrapper.application; includeInIndex = 0; path = Moview.app; sourceTree = BUILT_PRODUCTS_DIR; };
		CCC41D7B261DA6AE00BDD601 /* AppDelegate.swift */ = {isa = PBXFileReference; lastKnownFileType = sourcecode.swift; path = AppDelegate.swift; sourceTree = "<group>"; };
		CCC41D7D261DA6AE00BDD601 /* SceneDelegate.swift */ = {isa = PBXFileReference; lastKnownFileType = sourcecode.swift; path = SceneDelegate.swift; sourceTree = "<group>"; };
		CCC41D7F261DA6AE00BDD601 /* SplashScreenViewController.swift */ = {isa = PBXFileReference; lastKnownFileType = sourcecode.swift; path = SplashScreenViewController.swift; sourceTree = "<group>"; };
		CCC41D82261DA6AE00BDD601 /* Base */ = {isa = PBXFileReference; lastKnownFileType = file.storyboard; name = Base; path = Base.lproj/Main.storyboard; sourceTree = "<group>"; };
		CCC41D84261DA6AF00BDD601 /* Assets.xcassets */ = {isa = PBXFileReference; lastKnownFileType = folder.assetcatalog; path = Assets.xcassets; sourceTree = "<group>"; };
		CCC41D87261DA6AF00BDD601 /* Base */ = {isa = PBXFileReference; lastKnownFileType = file.storyboard; name = Base; path = Base.lproj/LaunchScreen.storyboard; sourceTree = "<group>"; };
		CCC41D89261DA6AF00BDD601 /* Info.plist */ = {isa = PBXFileReference; lastKnownFileType = text.plist.xml; path = Info.plist; sourceTree = "<group>"; };
		CCC41D8E261DA6AF00BDD601 /* MoviewTests.xctest */ = {isa = PBXFileReference; explicitFileType = wrapper.cfbundle; includeInIndex = 0; path = MoviewTests.xctest; sourceTree = BUILT_PRODUCTS_DIR; };
		CCC41D92261DA6AF00BDD601 /* MoviewTests.swift */ = {isa = PBXFileReference; lastKnownFileType = sourcecode.swift; path = MoviewTests.swift; sourceTree = "<group>"; };
		CCC41D94261DA6AF00BDD601 /* Info.plist */ = {isa = PBXFileReference; lastKnownFileType = text.plist.xml; path = Info.plist; sourceTree = "<group>"; };
		CCC41D99261DA6AF00BDD601 /* MoviewUITests.xctest */ = {isa = PBXFileReference; explicitFileType = wrapper.cfbundle; includeInIndex = 0; path = MoviewUITests.xctest; sourceTree = BUILT_PRODUCTS_DIR; };
		CCC41D9D261DA6AF00BDD601 /* MoviewUITests.swift */ = {isa = PBXFileReference; lastKnownFileType = sourcecode.swift; path = MoviewUITests.swift; sourceTree = "<group>"; };
		CCC41D9F261DA6AF00BDD601 /* Info.plist */ = {isa = PBXFileReference; lastKnownFileType = text.plist.xml; path = Info.plist; sourceTree = "<group>"; };
		CCC41DB5261DA7CE00BDD601 /* MainScreenViewController.swift */ = {isa = PBXFileReference; lastKnownFileType = sourcecode.swift; path = MainScreenViewController.swift; sourceTree = "<group>"; };
		CCC41DC2261DB90500BDD601 /* RequestManager.swift */ = {isa = PBXFileReference; lastKnownFileType = sourcecode.swift; path = RequestManager.swift; sourceTree = "<group>"; };
		CCC41DC7261DBEAB00BDD601 /* MovieContentManager.swift */ = {isa = PBXFileReference; lastKnownFileType = sourcecode.swift; path = MovieContentManager.swift; sourceTree = "<group>"; };
		DA138213DC942B660237A913 /* Pods_Moview.framework */ = {isa = PBXFileReference; explicitFileType = wrapper.framework; includeInIndex = 0; path = Pods_Moview.framework; sourceTree = BUILT_PRODUCTS_DIR; };
		DAE5A4B9606B11ADFA01BC94 /* Pods-Moview.debug.xcconfig */ = {isa = PBXFileReference; includeInIndex = 1; lastKnownFileType = text.xcconfig; name = "Pods-Moview.debug.xcconfig"; path = "Target Support Files/Pods-Moview/Pods-Moview.debug.xcconfig"; sourceTree = "<group>"; };
/* End PBXFileReference section */

/* Begin PBXFrameworksBuildPhase section */
		CCC41D75261DA6AE00BDD601 /* Frameworks */ = {
			isa = PBXFrameworksBuildPhase;
			buildActionMask = 2147483647;
			files = (
				F6097278664D3080E12180B8 /* Pods_Moview.framework in Frameworks */,
			);
			runOnlyForDeploymentPostprocessing = 0;
		};
		CCC41D8B261DA6AF00BDD601 /* Frameworks */ = {
			isa = PBXFrameworksBuildPhase;
			buildActionMask = 2147483647;
			files = (
			);
			runOnlyForDeploymentPostprocessing = 0;
		};
		CCC41D96261DA6AF00BDD601 /* Frameworks */ = {
			isa = PBXFrameworksBuildPhase;
			buildActionMask = 2147483647;
			files = (
			);
			runOnlyForDeploymentPostprocessing = 0;
		};
/* End PBXFrameworksBuildPhase section */

/* Begin PBXGroup section */
		6E81D2133E41CACD6E4FC397 /* Pods */ = {
			isa = PBXGroup;
			children = (
				DAE5A4B9606B11ADFA01BC94 /* Pods-Moview.debug.xcconfig */,
				859E44C61E55FC543D0D6389 /* Pods-Moview.release.xcconfig */,
			);
			path = Pods;
			sourceTree = "<group>";
		};
		CA19293C332435501A907FFC /* Frameworks */ = {
			isa = PBXGroup;
			children = (
				DA138213DC942B660237A913 /* Pods_Moview.framework */,
			);
			name = Frameworks;
			sourceTree = "<group>";
		};
		CC8EF001261ED71900B2106D /* UIViews */ = {
			isa = PBXGroup;
			children = (
				CC8EEFFC261ED71200B2106D /* MoviePreviewView.swift */,
				CC8EF03D261F44E500B2106D /* PreviousSearchResultsView.swift */,
				CC8EF04A261F48A100B2106D /* SearchDetailTableViewCell.swift */,
			);
			path = UIViews;
			sourceTree = "<group>";
		};
		CC8EF008261ED74200B2106D /* Storyboards */ = {
			isa = PBXGroup;
			children = (
				CCC41D86261DA6AF00BDD601 /* LaunchScreen.storyboard */,
				CCC41D81261DA6AE00BDD601 /* Main.storyboard */,
				CCAC59E42620481200056921 /* MoviePreviewView.xib */,
				CC8EF033261F444600B2106D /* PreviousSearchResultsView.xib */,
				CCAC59F42620493A00056921 /* ProgressView.xib */,
				CC8EF045261F47D200B2106D /* SearchDetailTableViewCell.xib */,
			);
			path = Storyboards;
			sourceTree = "<group>";
		};
		CC8EF01A261EFF9F00B2106D /* Managers */ = {
			isa = PBXGroup;
			children = (
				CCC41DC2261DB90500BDD601 /* RequestManager.swift */,
				CCC41DC7261DBEAB00BDD601 /* MovieContentManager.swift */,
			);
			path = Managers;
			sourceTree = "<group>";
		};
		CCAC59DB262044A200056921 /* Supporting Files */ = {
			isa = PBXGroup;
			children = (
				CCAC59D62620449C00056921 /* Localizable.strings */,
			);
			path = "Supporting Files";
			sourceTree = "<group>";
		};
		CCC41D6F261DA6AE00BDD601 = {
			isa = PBXGroup;
			children = (
				CCC41D7A261DA6AE00BDD601 /* Moview */,
				CCC41D91261DA6AF00BDD601 /* MoviewTests */,
				CCC41D9C261DA6AF00BDD601 /* MoviewUITests */,
				CCC41D79261DA6AE00BDD601 /* Products */,
				6E81D2133E41CACD6E4FC397 /* Pods */,
				CA19293C332435501A907FFC /* Frameworks */,
			);
			sourceTree = "<group>";
		};
		CCC41D79261DA6AE00BDD601 /* Products */ = {
			isa = PBXGroup;
			children = (
				CCC41D78261DA6AE00BDD601 /* Moview.app */,
				CCC41D8E261DA6AF00BDD601 /* MoviewTests.xctest */,
				CCC41D99261DA6AF00BDD601 /* MoviewUITests.xctest */,
			);
			name = Products;
			sourceTree = "<group>";
		};
		CCC41D7A261DA6AE00BDD601 /* Moview */ = {
			isa = PBXGroup;
			children = (
				CCC41D7B261DA6AE00BDD601 /* AppDelegate.swift */,
				CCC41D7D261DA6AE00BDD601 /* SceneDelegate.swift */,
				CC8EF021261F0D2200B2106D /* GlobalConstants.swift */,
				CC8EF01A261EFF9F00B2106D /* Managers */,
				CC8EF001261ED71900B2106D /* UIViews */,
				CCC41DB1261DA7A800BDD601 /* UIViewControllers */,
				CC8EF008261ED74200B2106D /* Storyboards */,
				CCC41D84261DA6AF00BDD601 /* Assets.xcassets */,
				CCC41D89261DA6AF00BDD601 /* Info.plist */,
				CC9C88F62620215F00B89CA1 /* GoogleService-Info.plist */,
				CCAC59DB262044A200056921 /* Supporting Files */,
			);
			path = Moview;
			sourceTree = "<group>";
		};
		CCC41D91261DA6AF00BDD601 /* MoviewTests */ = {
			isa = PBXGroup;
			children = (
				CCC41D92261DA6AF00BDD601 /* MoviewTests.swift */,
				CCC41D94261DA6AF00BDD601 /* Info.plist */,
			);
			path = MoviewTests;
			sourceTree = "<group>";
		};
		CCC41D9C261DA6AF00BDD601 /* MoviewUITests */ = {
			isa = PBXGroup;
			children = (
				CCC41D9D261DA6AF00BDD601 /* MoviewUITests.swift */,
				CCC41D9F261DA6AF00BDD601 /* Info.plist */,
			);
			path = MoviewUITests;
			sourceTree = "<group>";
		};
		CCC41DB1261DA7A800BDD601 /* UIViewControllers */ = {
			isa = PBXGroup;
			children = (
				CCC41DB5261DA7CE00BDD601 /* MainScreenViewController.swift */,
				CC8EF015261EFF8600B2106D /* MovieDetailsViewController.swift */,
				CCC41D7F261DA6AE00BDD601 /* SplashScreenViewController.swift */,
				CC8EF02E261F228600B2106D /* UtilitiesViewController.swift */,
			);
			path = UIViewControllers;
			sourceTree = "<group>";
		};
/* End PBXGroup section */

/* Begin PBXNativeTarget section */
		CCC41D77261DA6AE00BDD601 /* Moview */ = {
			isa = PBXNativeTarget;
			buildConfigurationList = CCC41DA2261DA6AF00BDD601 /* Build configuration list for PBXNativeTarget "Moview" */;
			buildPhases = (
				F14158863B2FA79FD942D270 /* [CP] Check Pods Manifest.lock */,
				CCC41D74261DA6AE00BDD601 /* Sources */,
				CCC41D75261DA6AE00BDD601 /* Frameworks */,
				CCC41D76261DA6AE00BDD601 /* Resources */,
				7AEB13B98C7D18E683EEDA5A /* [CP] Embed Pods Frameworks */,
			);
			buildRules = (
			);
			dependencies = (
			);
			name = Moview;
			productName = Moview;
			productReference = CCC41D78261DA6AE00BDD601 /* Moview.app */;
			productType = "com.apple.product-type.application";
		};
		CCC41D8D261DA6AF00BDD601 /* MoviewTests */ = {
			isa = PBXNativeTarget;
			buildConfigurationList = CCC41DA5261DA6AF00BDD601 /* Build configuration list for PBXNativeTarget "MoviewTests" */;
			buildPhases = (
				CCC41D8A261DA6AF00BDD601 /* Sources */,
				CCC41D8B261DA6AF00BDD601 /* Frameworks */,
				CCC41D8C261DA6AF00BDD601 /* Resources */,
			);
			buildRules = (
			);
			dependencies = (
				CCC41D90261DA6AF00BDD601 /* PBXTargetDependency */,
			);
			name = MoviewTests;
			productName = MoviewTests;
			productReference = CCC41D8E261DA6AF00BDD601 /* MoviewTests.xctest */;
			productType = "com.apple.product-type.bundle.unit-test";
		};
		CCC41D98261DA6AF00BDD601 /* MoviewUITests */ = {
			isa = PBXNativeTarget;
			buildConfigurationList = CCC41DA8261DA6AF00BDD601 /* Build configuration list for PBXNativeTarget "MoviewUITests" */;
			buildPhases = (
				CCC41D95261DA6AF00BDD601 /* Sources */,
				CCC41D96261DA6AF00BDD601 /* Frameworks */,
				CCC41D97261DA6AF00BDD601 /* Resources */,
			);
			buildRules = (
			);
			dependencies = (
				CCC41D9B261DA6AF00BDD601 /* PBXTargetDependency */,
			);
			name = MoviewUITests;
			productName = MoviewUITests;
			productReference = CCC41D99261DA6AF00BDD601 /* MoviewUITests.xctest */;
			productType = "com.apple.product-type.bundle.ui-testing";
		};
/* End PBXNativeTarget section */

/* Begin PBXProject section */
		CCC41D70261DA6AE00BDD601 /* Project object */ = {
			isa = PBXProject;
			attributes = {
				LastSwiftUpdateCheck = 1240;
				LastUpgradeCheck = 1240;
				TargetAttributes = {
					CCC41D77261DA6AE00BDD601 = {
						CreatedOnToolsVersion = 12.4;
					};
					CCC41D8D261DA6AF00BDD601 = {
						CreatedOnToolsVersion = 12.4;
						TestTargetID = CCC41D77261DA6AE00BDD601;
					};
					CCC41D98261DA6AF00BDD601 = {
						CreatedOnToolsVersion = 12.4;
						TestTargetID = CCC41D77261DA6AE00BDD601;
					};
				};
			};
			buildConfigurationList = CCC41D73261DA6AE00BDD601 /* Build configuration list for PBXProject "Moview" */;
			compatibilityVersion = "Xcode 9.3";
			developmentRegion = en;
			hasScannedForEncodings = 0;
			knownRegions = (
				en,
				Base,
				tr,
			);
			mainGroup = CCC41D6F261DA6AE00BDD601;
			productRefGroup = CCC41D79261DA6AE00BDD601 /* Products */;
			projectDirPath = "";
			projectRoot = "";
			targets = (
				CCC41D77261DA6AE00BDD601 /* Moview */,
				CCC41D8D261DA6AF00BDD601 /* MoviewTests */,
				CCC41D98261DA6AF00BDD601 /* MoviewUITests */,
			);
		};
/* End PBXProject section */

/* Begin PBXResourcesBuildPhase section */
		CCC41D76261DA6AE00BDD601 /* Resources */ = {
			isa = PBXResourcesBuildPhase;
			buildActionMask = 2147483647;
			files = (
				CCC41D88261DA6AF00BDD601 /* LaunchScreen.storyboard in Resources */,
				CC9C88F72620215F00B89CA1 /* GoogleService-Info.plist in Resources */,
				CCC41D85261DA6AF00BDD601 /* Assets.xcassets in Resources */,
				CC8EF046261F47D200B2106D /* SearchDetailTableViewCell.xib in Resources */,
				CCAC59D72620449C00056921 /* Localizable.strings in Resources */,
				CC8EF034261F444600B2106D /* PreviousSearchResultsView.xib in Resources */,
				CCAC59F22620493A00056921 /* ProgressView.xib in Resources */,
				CCC41D83261DA6AE00BDD601 /* Main.storyboard in Resources */,
				CCAC59E22620481200056921 /* MoviePreviewView.xib in Resources */,
			);
			runOnlyForDeploymentPostprocessing = 0;
		};
		CCC41D8C261DA6AF00BDD601 /* Resources */ = {
			isa = PBXResourcesBuildPhase;
			buildActionMask = 2147483647;
			files = (
			);
			runOnlyForDeploymentPostprocessing = 0;
		};
		CCC41D97261DA6AF00BDD601 /* Resources */ = {
			isa = PBXResourcesBuildPhase;
			buildActionMask = 2147483647;
			files = (
			);
			runOnlyForDeploymentPostprocessing = 0;
		};
/* End PBXResourcesBuildPhase section */

/* Begin PBXShellScriptBuildPhase section */
		7AEB13B98C7D18E683EEDA5A /* [CP] Embed Pods Frameworks */ = {
			isa = PBXShellScriptBuildPhase;
			buildActionMask = 2147483647;
			files = (
			);
			inputFileListPaths = (
				"${PODS_ROOT}/Target Support Files/Pods-Moview/Pods-Moview-frameworks-${CONFIGURATION}-input-files.xcfilelist",
			);
			name = "[CP] Embed Pods Frameworks";
			outputFileListPaths = (
				"${PODS_ROOT}/Target Support Files/Pods-Moview/Pods-Moview-frameworks-${CONFIGURATION}-output-files.xcfilelist",
			);
			runOnlyForDeploymentPostprocessing = 0;
			shellPath = /bin/sh;
			shellScript = "\"${PODS_ROOT}/Target Support Files/Pods-Moview/Pods-Moview-frameworks.sh\"\n";
			showEnvVarsInLog = 0;
		};
		F14158863B2FA79FD942D270 /* [CP] Check Pods Manifest.lock */ = {
			isa = PBXShellScriptBuildPhase;
			buildActionMask = 2147483647;
			files = (
			);
			inputFileListPaths = (
			);
			inputPaths = (
				"${PODS_PODFILE_DIR_PATH}/Podfile.lock",
				"${PODS_ROOT}/Manifest.lock",
			);
			name = "[CP] Check Pods Manifest.lock";
			outputFileListPaths = (
			);
			outputPaths = (
				"$(DERIVED_FILE_DIR)/Pods-Moview-checkManifestLockResult.txt",
			);
			runOnlyForDeploymentPostprocessing = 0;
			shellPath = /bin/sh;
			shellScript = "diff \"${PODS_PODFILE_DIR_PATH}/Podfile.lock\" \"${PODS_ROOT}/Manifest.lock\" > /dev/null\nif [ $? != 0 ] ; then\n    # print error to STDERR\n    echo \"error: The sandbox is not in sync with the Podfile.lock. Run 'pod install' or update your CocoaPods installation.\" >&2\n    exit 1\nfi\n# This output is used by Xcode 'outputs' to avoid re-running this script phase.\necho \"SUCCESS\" > \"${SCRIPT_OUTPUT_FILE_0}\"\n";
			showEnvVarsInLog = 0;
		};
/* End PBXShellScriptBuildPhase section */

/* Begin PBXSourcesBuildPhase section */
		CCC41D74261DA6AE00BDD601 /* Sources */ = {
			isa = PBXSourcesBuildPhase;
			buildActionMask = 2147483647;
			files = (
				CC8EF016261EFF8600B2106D /* MovieDetailsViewController.swift in Sources */,
				CC8EF022261F0D2200B2106D /* GlobalConstants.swift in Sources */,
				CC8EF03E261F44E500B2106D /* PreviousSearchResultsView.swift in Sources */,
				CCC41DC8261DBEAB00BDD601 /* MovieContentManager.swift in Sources */,
				CC8EEFFD261ED71200B2106D /* MoviePreviewView.swift in Sources */,
				CCC41DC3261DB90500BDD601 /* RequestManager.swift in Sources */,
				CC8EF02F261F228600B2106D /* UtilitiesViewController.swift in Sources */,
				CCC41D80261DA6AE00BDD601 /* SplashScreenViewController.swift in Sources */,
				CCC41DB6261DA7CE00BDD601 /* MainScreenViewController.swift in Sources */,
				CCC41D7C261DA6AE00BDD601 /* AppDelegate.swift in Sources */,
				CC8EF04B261F48A100B2106D /* SearchDetailTableViewCell.swift in Sources */,
				CCC41D7E261DA6AE00BDD601 /* SceneDelegate.swift in Sources */,
			);
			runOnlyForDeploymentPostprocessing = 0;
		};
		CCC41D8A261DA6AF00BDD601 /* Sources */ = {
			isa = PBXSourcesBuildPhase;
			buildActionMask = 2147483647;
			files = (
				CCC41D93261DA6AF00BDD601 /* MoviewTests.swift in Sources */,
			);
			runOnlyForDeploymentPostprocessing = 0;
		};
		CCC41D95261DA6AF00BDD601 /* Sources */ = {
			isa = PBXSourcesBuildPhase;
			buildActionMask = 2147483647;
			files = (
				CCC41D9E261DA6AF00BDD601 /* MoviewUITests.swift in Sources */,
			);
			runOnlyForDeploymentPostprocessing = 0;
		};
/* End PBXSourcesBuildPhase section */

/* Begin PBXTargetDependency section */
		CCC41D90261DA6AF00BDD601 /* PBXTargetDependency */ = {
			isa = PBXTargetDependency;
			target = CCC41D77261DA6AE00BDD601 /* Moview */;
			targetProxy = CCC41D8F261DA6AF00BDD601 /* PBXContainerItemProxy */;
		};
		CCC41D9B261DA6AF00BDD601 /* PBXTargetDependency */ = {
			isa = PBXTargetDependency;
			target = CCC41D77261DA6AE00BDD601 /* Moview */;
			targetProxy = CCC41D9A261DA6AF00BDD601 /* PBXContainerItemProxy */;
		};
/* End PBXTargetDependency section */

/* Begin PBXVariantGroup section */
		CCAC59E42620481200056921 /* MoviePreviewView.xib */ = {
			isa = PBXVariantGroup;
			children = (
				CCAC59E32620481200056921 /* Base */,
				CCAC59EE262048FD00056921 /* tr */,
			);
			name = MoviePreviewView.xib;
			sourceTree = "<group>";
		};
		CCAC59F42620493A00056921 /* ProgressView.xib */ = {
			isa = PBXVariantGroup;
			children = (
				CCAC59F82620494100056921 /* Base */,
				CCAC59F92620494E00056921 /* tr */,
			);
			name = ProgressView.xib;
			sourceTree = "<group>";
		};
		CCC41D81261DA6AE00BDD601 /* Main.storyboard */ = {
			isa = PBXVariantGroup;
			children = (
				CCC41D82261DA6AE00BDD601 /* Base */,
				CCAC59EA262048FC00056921 /* tr */,
			);
			name = Main.storyboard;
			sourceTree = "<group>";
		};
		CCC41D86261DA6AF00BDD601 /* LaunchScreen.storyboard */ = {
			isa = PBXVariantGroup;
			children = (
				CCC41D87261DA6AF00BDD601 /* Base */,
			);
			name = LaunchScreen.storyboard;
			sourceTree = "<group>";
		};
/* End PBXVariantGroup section */

/* Begin XCBuildConfiguration section */
		CCC41DA0261DA6AF00BDD601 /* Debug */ = {
			isa = XCBuildConfiguration;
			buildSettings = {
				ALWAYS_SEARCH_USER_PATHS = NO;
				CLANG_ANALYZER_LOCALIZABILITY_NONLOCALIZED = YES;
				CLANG_ANALYZER_NONNULL = YES;
				CLANG_ANALYZER_NUMBER_OBJECT_CONVERSION = YES_AGGRESSIVE;
				CLANG_CXX_LANGUAGE_STANDARD = "gnu++14";
				CLANG_CXX_LIBRARY = "libc++";
				CLANG_ENABLE_MODULES = YES;
				CLANG_ENABLE_OBJC_ARC = YES;
				CLANG_ENABLE_OBJC_WEAK = YES;
				CLANG_WARN_BLOCK_CAPTURE_AUTORELEASING = YES;
				CLANG_WARN_BOOL_CONVERSION = YES;
				CLANG_WARN_COMMA = YES;
				CLANG_WARN_CONSTANT_CONVERSION = YES;
				CLANG_WARN_DEPRECATED_OBJC_IMPLEMENTATIONS = YES;
				CLANG_WARN_DIRECT_OBJC_ISA_USAGE = YES_ERROR;
				CLANG_WARN_DOCUMENTATION_COMMENTS = YES;
				CLANG_WARN_EMPTY_BODY = YES;
				CLANG_WARN_ENUM_CONVERSION = YES;
				CLANG_WARN_INFINITE_RECURSION = YES;
				CLANG_WARN_INT_CONVERSION = YES;
				CLANG_WARN_NON_LITERAL_NULL_CONVERSION = YES;
				CLANG_WARN_OBJC_IMPLICIT_RETAIN_SELF = YES;
				CLANG_WARN_OBJC_LITERAL_CONVERSION = YES;
				CLANG_WARN_OBJC_ROOT_CLASS = YES_ERROR;
				CLANG_WARN_QUOTED_INCLUDE_IN_FRAMEWORK_HEADER = YES;
				CLANG_WARN_RANGE_LOOP_ANALYSIS = YES;
				CLANG_WARN_STRICT_PROTOTYPES = YES;
				CLANG_WARN_SUSPICIOUS_MOVE = YES;
				CLANG_WARN_UNGUARDED_AVAILABILITY = YES_AGGRESSIVE;
				CLANG_WARN_UNREACHABLE_CODE = YES;
				CLANG_WARN__DUPLICATE_METHOD_MATCH = YES;
				COPY_PHASE_STRIP = NO;
				DEBUG_INFORMATION_FORMAT = dwarf;
				ENABLE_STRICT_OBJC_MSGSEND = YES;
				ENABLE_TESTABILITY = YES;
				GCC_C_LANGUAGE_STANDARD = gnu11;
				GCC_DYNAMIC_NO_PIC = NO;
				GCC_NO_COMMON_BLOCKS = YES;
				GCC_OPTIMIZATION_LEVEL = 0;
				GCC_PREPROCESSOR_DEFINITIONS = (
					"DEBUG=1",
					"$(inherited)",
				);
				GCC_WARN_64_TO_32_BIT_CONVERSION = YES;
				GCC_WARN_ABOUT_RETURN_TYPE = YES_ERROR;
				GCC_WARN_UNDECLARED_SELECTOR = YES;
				GCC_WARN_UNINITIALIZED_AUTOS = YES_AGGRESSIVE;
				GCC_WARN_UNUSED_FUNCTION = YES;
				GCC_WARN_UNUSED_VARIABLE = YES;
				IPHONEOS_DEPLOYMENT_TARGET = 14.4;
				MTL_ENABLE_DEBUG_INFO = INCLUDE_SOURCE;
				MTL_FAST_MATH = YES;
				ONLY_ACTIVE_ARCH = YES;
				SDKROOT = iphoneos;
				SWIFT_ACTIVE_COMPILATION_CONDITIONS = DEBUG;
				SWIFT_OPTIMIZATION_LEVEL = "-Onone";
			};
			name = Debug;
		};
		CCC41DA1261DA6AF00BDD601 /* Release */ = {
			isa = XCBuildConfiguration;
			buildSettings = {
				ALWAYS_SEARCH_USER_PATHS = NO;
				CLANG_ANALYZER_LOCALIZABILITY_NONLOCALIZED = YES;
				CLANG_ANALYZER_NONNULL = YES;
				CLANG_ANALYZER_NUMBER_OBJECT_CONVERSION = YES_AGGRESSIVE;
				CLANG_CXX_LANGUAGE_STANDARD = "gnu++14";
				CLANG_CXX_LIBRARY = "libc++";
				CLANG_ENABLE_MODULES = YES;
				CLANG_ENABLE_OBJC_ARC = YES;
				CLANG_ENABLE_OBJC_WEAK = YES;
				CLANG_WARN_BLOCK_CAPTURE_AUTORELEASING = YES;
				CLANG_WARN_BOOL_CONVERSION = YES;
				CLANG_WARN_COMMA = YES;
				CLANG_WARN_CONSTANT_CONVERSION = YES;
				CLANG_WARN_DEPRECATED_OBJC_IMPLEMENTATIONS = YES;
				CLANG_WARN_DIRECT_OBJC_ISA_USAGE = YES_ERROR;
				CLANG_WARN_DOCUMENTATION_COMMENTS = YES;
				CLANG_WARN_EMPTY_BODY = YES;
				CLANG_WARN_ENUM_CONVERSION = YES;
				CLANG_WARN_INFINITE_RECURSION = YES;
				CLANG_WARN_INT_CONVERSION = YES;
				CLANG_WARN_NON_LITERAL_NULL_CONVERSION = YES;
				CLANG_WARN_OBJC_IMPLICIT_RETAIN_SELF = YES;
				CLANG_WARN_OBJC_LITERAL_CONVERSION = YES;
				CLANG_WARN_OBJC_ROOT_CLASS = YES_ERROR;
				CLANG_WARN_QUOTED_INCLUDE_IN_FRAMEWORK_HEADER = YES;
				CLANG_WARN_RANGE_LOOP_ANALYSIS = YES;
				CLANG_WARN_STRICT_PROTOTYPES = YES;
				CLANG_WARN_SUSPICIOUS_MOVE = YES;
				CLANG_WARN_UNGUARDED_AVAILABILITY = YES_AGGRESSIVE;
				CLANG_WARN_UNREACHABLE_CODE = YES;
				CLANG_WARN__DUPLICATE_METHOD_MATCH = YES;
				COPY_PHASE_STRIP = NO;
				DEBUG_INFORMATION_FORMAT = "dwarf-with-dsym";
				ENABLE_NS_ASSERTIONS = NO;
				ENABLE_STRICT_OBJC_MSGSEND = YES;
				GCC_C_LANGUAGE_STANDARD = gnu11;
				GCC_NO_COMMON_BLOCKS = YES;
				GCC_WARN_64_TO_32_BIT_CONVERSION = YES;
				GCC_WARN_ABOUT_RETURN_TYPE = YES_ERROR;
				GCC_WARN_UNDECLARED_SELECTOR = YES;
				GCC_WARN_UNINITIALIZED_AUTOS = YES_AGGRESSIVE;
				GCC_WARN_UNUSED_FUNCTION = YES;
				GCC_WARN_UNUSED_VARIABLE = YES;
				IPHONEOS_DEPLOYMENT_TARGET = 14.4;
				MTL_ENABLE_DEBUG_INFO = NO;
				MTL_FAST_MATH = YES;
				SDKROOT = iphoneos;
				SWIFT_COMPILATION_MODE = wholemodule;
				SWIFT_OPTIMIZATION_LEVEL = "-O";
				VALIDATE_PRODUCT = YES;
			};
			name = Release;
		};
		CCC41DA3261DA6AF00BDD601 /* Debug */ = {
			isa = XCBuildConfiguration;
			baseConfigurationReference = DAE5A4B9606B11ADFA01BC94 /* Pods-Moview.debug.xcconfig */;
			buildSettings = {
				ASSETCATALOG_COMPILER_APPICON_NAME = AppIcon;
				ASSETCATALOG_COMPILER_GLOBAL_ACCENT_COLOR_NAME = AccentColor;
				CODE_SIGN_STYLE = Automatic;
				DEVELOPMENT_TEAM = 67582L6J85;
				INFOPLIST_FILE = Moview/Info.plist;
				LD_RUNPATH_SEARCH_PATHS = (
					"$(inherited)",
					"@executable_path/Frameworks",
				);
				PRODUCT_BUNDLE_IDENTIFIER = com.mehodesign.Moview;
				PRODUCT_NAME = "$(TARGET_NAME)";
				SWIFT_VERSION = 5.0;
				TARGETED_DEVICE_FAMILY = 1;
			};
			name = Debug;
		};
		CCC41DA4261DA6AF00BDD601 /* Release */ = {
			isa = XCBuildConfiguration;
			baseConfigurationReference = 859E44C61E55FC543D0D6389 /* Pods-Moview.release.xcconfig */;
			buildSettings = {
				ASSETCATALOG_COMPILER_APPICON_NAME = AppIcon;
				ASSETCATALOG_COMPILER_GLOBAL_ACCENT_COLOR_NAME = AccentColor;
				CODE_SIGN_STYLE = Automatic;
				DEVELOPMENT_TEAM = 67582L6J85;
				INFOPLIST_FILE = Moview/Info.plist;
				LD_RUNPATH_SEARCH_PATHS = (
					"$(inherited)",
					"@executable_path/Frameworks",
				);
				PRODUCT_BUNDLE_IDENTIFIER = com.mehodesign.Moview;
				PRODUCT_NAME = "$(TARGET_NAME)";
				SWIFT_VERSION = 5.0;
				TARGETED_DEVICE_FAMILY = 1;
			};
			name = Release;
		};
		CCC41DA6261DA6AF00BDD601 /* Debug */ = {
			isa = XCBuildConfiguration;
			buildSettings = {
				ALWAYS_EMBED_SWIFT_STANDARD_LIBRARIES = YES;
				BUNDLE_LOADER = "$(TEST_HOST)";
				CODE_SIGN_STYLE = Automatic;
				DEVELOPMENT_TEAM = 67582L6J85;
				INFOPLIST_FILE = MoviewTests/Info.plist;
				IPHONEOS_DEPLOYMENT_TARGET = 14.4;
				LD_RUNPATH_SEARCH_PATHS = (
					"$(inherited)",
					"@executable_path/Frameworks",
					"@loader_path/Frameworks",
				);
				PRODUCT_BUNDLE_IDENTIFIER = com.mehodesign.MoviewTests;
				PRODUCT_NAME = "$(TARGET_NAME)";
				SWIFT_VERSION = 5.0;
				TARGETED_DEVICE_FAMILY = "1,2";
				TEST_HOST = "$(BUILT_PRODUCTS_DIR)/Moview.app/Moview";
			};
			name = Debug;
		};
		CCC41DA7261DA6AF00BDD601 /* Release */ = {
			isa = XCBuildConfiguration;
			buildSettings = {
				ALWAYS_EMBED_SWIFT_STANDARD_LIBRARIES = YES;
				BUNDLE_LOADER = "$(TEST_HOST)";
				CODE_SIGN_STYLE = Automatic;
				DEVELOPMENT_TEAM = 67582L6J85;
				INFOPLIST_FILE = MoviewTests/Info.plist;
				IPHONEOS_DEPLOYMENT_TARGET = 14.4;
				LD_RUNPATH_SEARCH_PATHS = (
					"$(inherited)",
					"@executable_path/Frameworks",
					"@loader_path/Frameworks",
				);
				PRODUCT_BUNDLE_IDENTIFIER = com.mehodesign.MoviewTests;
				PRODUCT_NAME = "$(TARGET_NAME)";
				SWIFT_VERSION = 5.0;
				TARGETED_DEVICE_FAMILY = "1,2";
				TEST_HOST = "$(BUILT_PRODUCTS_DIR)/Moview.app/Moview";
			};
			name = Release;
		};
		CCC41DA9261DA6AF00BDD601 /* Debug */ = {
			isa = XCBuildConfiguration;
			buildSettings = {
				ALWAYS_EMBED_SWIFT_STANDARD_LIBRARIES = YES;
				CODE_SIGN_STYLE = Automatic;
				DEVELOPMENT_TEAM = 67582L6J85;
				INFOPLIST_FILE = MoviewUITests/Info.plist;
				LD_RUNPATH_SEARCH_PATHS = (
					"$(inherited)",
					"@executable_path/Frameworks",
					"@loader_path/Frameworks",
				);
				PRODUCT_BUNDLE_IDENTIFIER = com.mehodesign.MoviewUITests;
				PRODUCT_NAME = "$(TARGET_NAME)";
				SWIFT_VERSION = 5.0;
				TARGETED_DEVICE_FAMILY = "1,2";
				TEST_TARGET_NAME = Moview;
			};
			name = Debug;
		};
		CCC41DAA261DA6AF00BDD601 /* Release */ = {
			isa = XCBuildConfiguration;
			buildSettings = {
				ALWAYS_EMBED_SWIFT_STANDARD_LIBRARIES = YES;
				CODE_SIGN_STYLE = Automatic;
				DEVELOPMENT_TEAM = 67582L6J85;
				INFOPLIST_FILE = MoviewUITests/Info.plist;
				LD_RUNPATH_SEARCH_PATHS = (
					"$(inherited)",
					"@executable_path/Frameworks",
					"@loader_path/Frameworks",
				);
				PRODUCT_BUNDLE_IDENTIFIER = com.mehodesign.MoviewUITests;
				PRODUCT_NAME = "$(TARGET_NAME)";
				SWIFT_VERSION = 5.0;
				TARGETED_DEVICE_FAMILY = "1,2";
				TEST_TARGET_NAME = Moview;
			};
			name = Release;
		};
/* End XCBuildConfiguration section */

/* Begin XCConfigurationList section */
		CCC41D73261DA6AE00BDD601 /* Build configuration list for PBXProject "Moview" */ = {
			isa = XCConfigurationList;
			buildConfigurations = (
				CCC41DA0261DA6AF00BDD601 /* Debug */,
				CCC41DA1261DA6AF00BDD601 /* Release */,
			);
			defaultConfigurationIsVisible = 0;
			defaultConfigurationName = Release;
		};
		CCC41DA2261DA6AF00BDD601 /* Build configuration list for PBXNativeTarget "Moview" */ = {
			isa = XCConfigurationList;
			buildConfigurations = (
				CCC41DA3261DA6AF00BDD601 /* Debug */,
				CCC41DA4261DA6AF00BDD601 /* Release */,
			);
			defaultConfigurationIsVisible = 0;
			defaultConfigurationName = Release;
		};
		CCC41DA5261DA6AF00BDD601 /* Build configuration list for PBXNativeTarget "MoviewTests" */ = {
			isa = XCConfigurationList;
			buildConfigurations = (
				CCC41DA6261DA6AF00BDD601 /* Debug */,
				CCC41DA7261DA6AF00BDD601 /* Release */,
			);
			defaultConfigurationIsVisible = 0;
			defaultConfigurationName = Release;
		};
		CCC41DA8261DA6AF00BDD601 /* Build configuration list for PBXNativeTarget "MoviewUITests" */ = {
			isa = XCConfigurationList;
			buildConfigurations = (
				CCC41DA9261DA6AF00BDD601 /* Debug */,
				CCC41DAA261DA6AF00BDD601 /* Release */,
			);
			defaultConfigurationIsVisible = 0;
			defaultConfigurationName = Release;
		};
/* End XCConfigurationList section */
	};
	rootObject = CCC41D70261DA6AE00BDD601 /* Project object */;
}
